{
    "symfony/flex": {
        "version": "1.0",
        "recipe": {
            "repo": "github.com/symfony/recipes",
            "branch": "master",
            "version": "1.0",
            "ref": "c0eeb50665f0f77226616b6038a9b06c03752d8e"
        },
        "files": [
            ".env"
        ]
    },
    "symfony/property-access": {
        "version": "v5.2.1"
    },
    "symfony/property-info": {
        "version": "v5.2.1"
    },
    "symfony/translation-contracts": {
        "version": "v2.3.0"
    },
    "symfony/validator": {
        "version": "4.3",
        "recipe": {
            "repo": "github.com/symfony/recipes",
            "branch": "master",
            "version": "4.3",
            "ref": "d902da3e4952f18d3bf05aab29512eb61cabd869"
        },
        "files": [
            "config/packages/test/validator.yaml",
            "config/packages/validator.yaml"
        ]
    }
}
